
Microsoft Visual Studio Solution File, Format Version 12.00
# Visual Studio Version 16
VisualStudioVersion = 16.0.31005.135
MinimumVisualStudioVersion = 10.0.40219.1
Project("{9A19103F-16F7-4668-BE54-9A1E7A4F7556}") = "UnitTest", "UnitTest\UnitTest.csproj", "{A66CE266-2E83-4602-BF4A-E94BC5D37297}"
EndProject
Project("{9A19103F-16F7-4668-BE54-9A1E7A4F7556}") = "1859.Sorting-the-sentence", "1859.Sorting-the-sentence\1859.Sorting-the-sentence.csproj", "{AB27F794-463E-466F-864F-F0E07A9886DD}"
EndProject
Project("{2150E333-8FDC-42A3-9474-1A3956D46DE8}") = "1801-1900", "1801-1900", "{2A4AC2E4-AB46-48ED-BAC2-AB620FFCEB07}"
EndProject
Project("{9A19103F-16F7-4668-BE54-9A1E7A4F7556}") = "1880.Check-if-word-equals-summation-of-two-words", "1880.Check-if-word-equals-summation-of-two-words\1880.Check-if-word-equals-summation-of-two-words.csproj", "{264102A3-501B-4AB6-BC9C-7ACCDA021F9F}"
EndProject
Project("{9A19103F-16F7-4668-BE54-9A1E7A4F7556}") = "ConsoleApp", "ConsoleApp\ConsoleApp.csproj", "{E88F628F-D0A9-4E0A-9851-FA7D1BE29A8F}"
EndProject
Project("{9A19103F-16F7-4668-BE54-9A1E7A4F7556}") = "Common", "Common\Common.csproj", "{6C6D7745-4542-4EEB-99AD-D309CA43795F}"
EndProject
Project("{9A19103F-16F7-4668-BE54-9A1E7A4F7556}") = "1869.Longer-contiguous-segments-of-ones-than-zeros", "1869.Longer-contiguous-segments-of-ones-than-zeros\1869.Longer-contiguous-segments-of-ones-than-zeros.csproj", "{822A8623-613A-4147-A8F1-B618EEEC53B0}"
EndProject
Project("{9A19103F-16F7-4668-BE54-9A1E7A4F7556}") = "1876.Substrings-of-size-three-with-distinct-characters", "1876.Substrings-of-size-three-with-distinct-characters\1876.Substrings-of-size-three-with-distinct-characters.csproj", "{218358A3-D0C6-458D-B0B3-B6D23FF9F2CD}"
EndProject
Project("{9A19103F-16F7-4668-BE54-9A1E7A4F7556}") = "1881.Maximum-value-after-insertion", "1881.Maximum-value-after-insertion\1881.Maximum-value-after-insertion.csproj", "{D1C888F9-A18A-48F3-9462-10E8B03AB1BA}"
EndProject
Project("{2150E333-8FDC-42A3-9474-1A3956D46DE8}") = "0201-0300", "0201-0300", "{67F12D61-DDFC-4B05-AF1B-7557A6AAB67A}"
EndProject
Project("{2150E333-8FDC-42A3-9474-1A3956D46DE8}") = "0101-0200", "0101-0200", "{0325722F-2639-4CCB-AE4D-D61189E2A2D5}"
EndProject
Project("{9A19103F-16F7-4668-BE54-9A1E7A4F7556}") = "0111.Minimum-depth-of-binary-tree", "0111.Minimum-depth-of-binary-tree\0111.Minimum-depth-of-binary-tree.csproj", "{3311E2F7-E86C-4D45-B591-364947FC6905}"
EndProject
Project("{9A19103F-16F7-4668-BE54-9A1E7A4F7556}") = "0147.Insertion-sort-list", "0147.Insertion-sort-list\0147.Insertion-sort-list.csproj", "{A2D19C39-24C6-47B6-AB4D-52315987C365}"
EndProject
Project("{9A19103F-16F7-4668-BE54-9A1E7A4F7556}") = "0118.Pascal's-triangle", "0118.Pascal's-triangle\0118.Pascal's-triangle.csproj", "{B9BC5BAE-4947-40A7-878A-03F9C9A065D7}"
EndProject
Project("{9A19103F-16F7-4668-BE54-9A1E7A4F7556}") = "0202.Happy-number", "0202.Happy-number\0202.Happy-number.csproj", "{846887AF-24B1-4125-A75F-058B3759E483}"
EndProject
Project("{9A19103F-16F7-4668-BE54-9A1E7A4F7556}") = "Solution", "Solution\Solution.csproj", "{576DAEB7-1B19-4485-8559-F0216B3E666E}"
EndProject
Global
	GlobalSection(SolutionConfigurationPlatforms) = preSolution
		Debug|Any CPU = Debug|Any CPU
		Release|Any CPU = Release|Any CPU
	EndGlobalSection
	GlobalSection(ProjectConfigurationPlatforms) = postSolution
		{A66CE266-2E83-4602-BF4A-E94BC5D37297}.Debug|Any CPU.ActiveCfg = Debug|Any CPU
		{A66CE266-2E83-4602-BF4A-E94BC5D37297}.Debug|Any CPU.Build.0 = Debug|Any CPU
		{A66CE266-2E83-4602-BF4A-E94BC5D37297}.Release|Any CPU.ActiveCfg = Release|Any CPU
		{A66CE266-2E83-4602-BF4A-E94BC5D37297}.Release|Any CPU.Build.0 = Release|Any CPU
		{AB27F794-463E-466F-864F-F0E07A9886DD}.Debug|Any CPU.ActiveCfg = Debug|Any CPU
		{AB27F794-463E-466F-864F-F0E07A9886DD}.Debug|Any CPU.Build.0 = Debug|Any CPU
		{AB27F794-463E-466F-864F-F0E07A9886DD}.Release|Any CPU.ActiveCfg = Release|Any CPU
		{AB27F794-463E-466F-864F-F0E07A9886DD}.Release|Any CPU.Build.0 = Release|Any CPU
		{264102A3-501B-4AB6-BC9C-7ACCDA021F9F}.Debug|Any CPU.ActiveCfg = Debug|Any CPU
		{264102A3-501B-4AB6-BC9C-7ACCDA021F9F}.Debug|Any CPU.Build.0 = Debug|Any CPU
		{264102A3-501B-4AB6-BC9C-7ACCDA021F9F}.Release|Any CPU.ActiveCfg = Release|Any CPU
		{264102A3-501B-4AB6-BC9C-7ACCDA021F9F}.Release|Any CPU.Build.0 = Release|Any CPU
		{E88F628F-D0A9-4E0A-9851-FA7D1BE29A8F}.Debug|Any CPU.ActiveCfg = Debug|Any CPU
		{E88F628F-D0A9-4E0A-9851-FA7D1BE29A8F}.Debug|Any CPU.Build.0 = Debug|Any CPU
		{E88F628F-D0A9-4E0A-9851-FA7D1BE29A8F}.Release|Any CPU.ActiveCfg = Release|Any CPU
		{E88F628F-D0A9-4E0A-9851-FA7D1BE29A8F}.Release|Any CPU.Build.0 = Release|Any CPU
		{6C6D7745-4542-4EEB-99AD-D309CA43795F}.Debug|Any CPU.ActiveCfg = Debug|Any CPU
		{6C6D7745-4542-4EEB-99AD-D309CA43795F}.Debug|Any CPU.Build.0 = Debug|Any CPU
		{6C6D7745-4542-4EEB-99AD-D309CA43795F}.Release|Any CPU.ActiveCfg = Release|Any CPU
		{6C6D7745-4542-4EEB-99AD-D309CA43795F}.Release|Any CPU.Build.0 = Release|Any CPU
		{822A8623-613A-4147-A8F1-B618EEEC53B0}.Debug|Any CPU.ActiveCfg = Debug|Any CPU
		{822A8623-613A-4147-A8F1-B618EEEC53B0}.Debug|Any CPU.Build.0 = Debug|Any CPU
		{822A8623-613A-4147-A8F1-B618EEEC53B0}.Release|Any CPU.ActiveCfg = Release|Any CPU
		{822A8623-613A-4147-A8F1-B618EEEC53B0}.Release|Any CPU.Build.0 = Release|Any CPU
		{218358A3-D0C6-458D-B0B3-B6D23FF9F2CD}.Debug|Any CPU.ActiveCfg = Debug|Any CPU
		{218358A3-D0C6-458D-B0B3-B6D23FF9F2CD}.Debug|Any CPU.Build.0 = Debug|Any CPU
		{218358A3-D0C6-458D-B0B3-B6D23FF9F2CD}.Release|Any CPU.ActiveCfg = Release|Any CPU
		{218358A3-D0C6-458D-B0B3-B6D23FF9F2CD}.Release|Any CPU.Build.0 = Release|Any CPU
		{D1C888F9-A18A-48F3-9462-10E8B03AB1BA}.Debug|Any CPU.ActiveCfg = Debug|Any CPU
		{D1C888F9-A18A-48F3-9462-10E8B03AB1BA}.Debug|Any CPU.Build.0 = Debug|Any CPU
		{D1C888F9-A18A-48F3-9462-10E8B03AB1BA}.Release|Any CPU.ActiveCfg = Release|Any CPU
		{D1C888F9-A18A-48F3-9462-10E8B03AB1BA}.Release|Any CPU.Build.0 = Release|Any CPU
		{3311E2F7-E86C-4D45-B591-364947FC6905}.Debug|Any CPU.ActiveCfg = Debug|Any CPU
		{3311E2F7-E86C-4D45-B591-364947FC6905}.Debug|Any CPU.Build.0 = Debug|Any CPU
		{3311E2F7-E86C-4D45-B591-364947FC6905}.Release|Any CPU.ActiveCfg = Release|Any CPU
		{3311E2F7-E86C-4D45-B591-364947FC6905}.Release|Any CPU.Build.0 = Release|Any CPU
		{A2D19C39-24C6-47B6-AB4D-52315987C365}.Debug|Any CPU.ActiveCfg = Debug|Any CPU
		{A2D19C39-24C6-47B6-AB4D-52315987C365}.Debug|Any CPU.Build.0 = Debug|Any CPU
		{A2D19C39-24C6-47B6-AB4D-52315987C365}.Release|Any CPU.ActiveCfg = Release|Any CPU
		{A2D19C39-24C6-47B6-AB4D-52315987C365}.Release|Any CPU.Build.0 = Release|Any CPU
		{B9BC5BAE-4947-40A7-878A-03F9C9A065D7}.Debug|Any CPU.ActiveCfg = Debug|Any CPU
		{B9BC5BAE-4947-40A7-878A-03F9C9A065D7}.Debug|Any CPU.Build.0 = Debug|Any CPU
		{B9BC5BAE-4947-40A7-878A-03F9C9A065D7}.Release|Any CPU.ActiveCfg = Release|Any CPU
		{B9BC5BAE-4947-40A7-878A-03F9C9A065D7}.Release|Any CPU.Build.0 = Release|Any CPU
		{846887AF-24B1-4125-A75F-058B3759E483}.Debug|Any CPU.ActiveCfg = Debug|Any CPU
		{846887AF-24B1-4125-A75F-058B3759E483}.Debug|Any CPU.Build.0 = Debug|Any CPU
		{846887AF-24B1-4125-A75F-058B3759E483}.Release|Any CPU.ActiveCfg = Release|Any CPU
		{846887AF-24B1-4125-A75F-058B3759E483}.Release|Any CPU.Build.0 = Release|Any CPU
		{576DAEB7-1B19-4485-8559-F0216B3E666E}.Debug|Any CPU.ActiveCfg = Debug|Any CPU
		{576DAEB7-1B19-4485-8559-F0216B3E666E}.Debug|Any CPU.Build.0 = Debug|Any CPU
		{576DAEB7-1B19-4485-8559-F0216B3E666E}.Release|Any CPU.ActiveCfg = Release|Any CPU
		{576DAEB7-1B19-4485-8559-F0216B3E666E}.Release|Any CPU.Build.0 = Release|Any CPU
	EndGlobalSection
	GlobalSection(SolutionProperties) = preSolution
		HideSolutionNode = FALSE
	EndGlobalSection
	GlobalSection(NestedProjects) = preSolution
		{AB27F794-463E-466F-864F-F0E07A9886DD} = {2A4AC2E4-AB46-48ED-BAC2-AB620FFCEB07}
		{264102A3-501B-4AB6-BC9C-7ACCDA021F9F} = {2A4AC2E4-AB46-48ED-BAC2-AB620FFCEB07}
		{822A8623-613A-4147-A8F1-B618EEEC53B0} = {2A4AC2E4-AB46-48ED-BAC2-AB620FFCEB07}
		{218358A3-D0C6-458D-B0B3-B6D23FF9F2CD} = {2A4AC2E4-AB46-48ED-BAC2-AB620FFCEB07}
		{D1C888F9-A18A-48F3-9462-10E8B03AB1BA} = {2A4AC2E4-AB46-48ED-BAC2-AB620FFCEB07}
		{3311E2F7-E86C-4D45-B591-364947FC6905} = {0325722F-2639-4CCB-AE4D-D61189E2A2D5}
		{A2D19C39-24C6-47B6-AB4D-52315987C365} = {0325722F-2639-4CCB-AE4D-D61189E2A2D5}
		{B9BC5BAE-4947-40A7-878A-03F9C9A065D7} = {0325722F-2639-4CCB-AE4D-D61189E2A2D5}
		{846887AF-24B1-4125-A75F-058B3759E483} = {67F12D61-DDFC-4B05-AF1B-7557A6AAB67A}
	EndGlobalSection
	GlobalSection(ExtensibilityGlobals) = postSolution
		SolutionGuid = {F64026E2-824F-4FF4-8CD0-9EBC5CD01BD0}
	EndGlobalSection
EndGlobal
