
Microsoft Visual Studio Solution File, Format Version 12.00
# Visual Studio Version 16
VisualStudioVersion = 16.0.31005.135
MinimumVisualStudioVersion = 10.0.40219.1
Project("{FAE04EC0-301F-11D3-BF4B-00C04F79EFBC}") = "0007_ReverseInteger", "0007_ReverseInteger\0007_ReverseInteger.csproj", "{5451E38F-5A1F-4BB3-B9F3-5364CD2E7766}"
EndProject
Project("{FAE04EC0-301F-11D3-BF4B-00C04F79EFBC}") = "0009_PalindromeNumber", "0009_PalindromeNumber\0009_PalindromeNumber.csproj", "{24A03504-DB7B-4F41-A0AD-581AB50444B5}"
EndProject
Project("{FAE04EC0-301F-11D3-BF4B-00C04F79EFBC}") = "0001_TwoSum", "0001_TwoSum\0001_TwoSum.csproj", "{F1E0EA3B-CF8A-4399-9BE7-5DDFCCD56F6E}"
EndProject
Project("{FAE04EC0-301F-11D3-BF4B-00C04F79EFBC}") = "0013_RomanToInteger", "0013_RomanToInteger\0013_RomanToInteger.csproj", "{6724CEF8-129F-46F0-A56D-B055A50A7D8D}"
EndProject
Project("{FAE04EC0-301F-11D3-BF4B-00C04F79EFBC}") = "0058_LengthOfLastWord", "0058_LengthOfLastWord\0058_LengthOfLastWord.csproj", "{B7E75F41-0D7C-48D4-B39C-9168DD058A31}"
EndProject
Project("{FAE04EC0-301F-11D3-BF4B-00C04F79EFBC}") = "0067_AddBinary", "0067_AddBinary\0067_AddBinary.csproj", "{C30389A5-78F1-48D3-A262-E4B20ECB5939}"
EndProject
Global
	GlobalSection(SolutionConfigurationPlatforms) = preSolution
		Debug|Any CPU = Debug|Any CPU
		Release|Any CPU = Release|Any CPU
	EndGlobalSection
	GlobalSection(ProjectConfigurationPlatforms) = postSolution
		{5451E38F-5A1F-4BB3-B9F3-5364CD2E7766}.Debug|Any CPU.ActiveCfg = Debug|Any CPU
		{5451E38F-5A1F-4BB3-B9F3-5364CD2E7766}.Debug|Any CPU.Build.0 = Debug|Any CPU
		{5451E38F-5A1F-4BB3-B9F3-5364CD2E7766}.Release|Any CPU.ActiveCfg = Release|Any CPU
		{5451E38F-5A1F-4BB3-B9F3-5364CD2E7766}.Release|Any CPU.Build.0 = Release|Any CPU
		{24A03504-DB7B-4F41-A0AD-581AB50444B5}.Debug|Any CPU.ActiveCfg = Debug|Any CPU
		{24A03504-DB7B-4F41-A0AD-581AB50444B5}.Debug|Any CPU.Build.0 = Debug|Any CPU
		{24A03504-DB7B-4F41-A0AD-581AB50444B5}.Release|Any CPU.ActiveCfg = Release|Any CPU
		{24A03504-DB7B-4F41-A0AD-581AB50444B5}.Release|Any CPU.Build.0 = Release|Any CPU
		{F1E0EA3B-CF8A-4399-9BE7-5DDFCCD56F6E}.Debug|Any CPU.ActiveCfg = Debug|Any CPU
		{F1E0EA3B-CF8A-4399-9BE7-5DDFCCD56F6E}.Debug|Any CPU.Build.0 = Debug|Any CPU
		{F1E0EA3B-CF8A-4399-9BE7-5DDFCCD56F6E}.Release|Any CPU.ActiveCfg = Release|Any CPU
		{F1E0EA3B-CF8A-4399-9BE7-5DDFCCD56F6E}.Release|Any CPU.Build.0 = Release|Any CPU
		{6724CEF8-129F-46F0-A56D-B055A50A7D8D}.Debug|Any CPU.ActiveCfg = Debug|Any CPU
		{6724CEF8-129F-46F0-A56D-B055A50A7D8D}.Debug|Any CPU.Build.0 = Debug|Any CPU
		{6724CEF8-129F-46F0-A56D-B055A50A7D8D}.Release|Any CPU.ActiveCfg = Release|Any CPU
		{6724CEF8-129F-46F0-A56D-B055A50A7D8D}.Release|Any CPU.Build.0 = Release|Any CPU
		{B7E75F41-0D7C-48D4-B39C-9168DD058A31}.Debug|Any CPU.ActiveCfg = Debug|Any CPU
		{B7E75F41-0D7C-48D4-B39C-9168DD058A31}.Debug|Any CPU.Build.0 = Debug|Any CPU
		{B7E75F41-0D7C-48D4-B39C-9168DD058A31}.Release|Any CPU.ActiveCfg = Release|Any CPU
		{B7E75F41-0D7C-48D4-B39C-9168DD058A31}.Release|Any CPU.Build.0 = Release|Any CPU
		{C30389A5-78F1-48D3-A262-E4B20ECB5939}.Debug|Any CPU.ActiveCfg = Debug|Any CPU
		{C30389A5-78F1-48D3-A262-E4B20ECB5939}.Debug|Any CPU.Build.0 = Debug|Any CPU
		{C30389A5-78F1-48D3-A262-E4B20ECB5939}.Release|Any CPU.ActiveCfg = Release|Any CPU
		{C30389A5-78F1-48D3-A262-E4B20ECB5939}.Release|Any CPU.Build.0 = Release|Any CPU
	EndGlobalSection
	GlobalSection(SolutionProperties) = preSolution
		HideSolutionNode = FALSE
	EndGlobalSection
	GlobalSection(ExtensibilityGlobals) = postSolution
		SolutionGuid = {F64026E2-824F-4FF4-8CD0-9EBC5CD01BD0}
	EndGlobalSection
EndGlobal
