
Microsoft Visual Studio Solution File, Format Version 12.00
# Visual Studio Version 17
VisualStudioVersion = 17.0.31903.59
MinimumVisualStudioVersion = 10.0.40219.1
Project("{9A19103F-16F7-4668-BE54-9A1E7A4F7556}") = "UnitTest", "UnitTest\UnitTest.csproj", "{A66CE266-2E83-4602-BF4A-E94BC5D37297}"
EndProject
Project("{9A19103F-16F7-4668-BE54-9A1E7A4F7556}") = "ConsoleApp", "ConsoleApp\ConsoleApp.csproj", "{E88F628F-D0A9-4E0A-9851-FA7D1BE29A8F}"
EndProject
Project("{9A19103F-16F7-4668-BE54-9A1E7A4F7556}") = "Common", "Common\Common.csproj", "{6C6D7745-4542-4EEB-99AD-D309CA43795F}"
EndProject
Project("{2150E333-8FDC-42A3-9474-1A3956D46DE8}") = "0201-0300", "0201-0300", "{67F12D61-DDFC-4B05-AF1B-7557A6AAB67A}"
EndProject
Project("{2150E333-8FDC-42A3-9474-1A3956D46DE8}") = "0101-0200", "0101-0200", "{0325722F-2639-4CCB-AE4D-D61189E2A2D5}"
EndProject
Project("{9A19103F-16F7-4668-BE54-9A1E7A4F7556}") = "0147.Insertion-sort-list", "0147.Insertion-sort-list\0147.Insertion-sort-list.csproj", "{A2D19C39-24C6-47B6-AB4D-52315987C365}"
EndProject
Project("{9A19103F-16F7-4668-BE54-9A1E7A4F7556}") = "0202.Happy-number", "0202.Happy-number\0202.Happy-number.csproj", "{846887AF-24B1-4125-A75F-058B3759E483}"
EndProject
Project("{9A19103F-16F7-4668-BE54-9A1E7A4F7556}") = "Solution", "Solution\Solution.csproj", "{576DAEB7-1B19-4485-8559-F0216B3E666E}"
EndProject
Global
	GlobalSection(SolutionConfigurationPlatforms) = preSolution
		Debug|Any CPU = Debug|Any CPU
		Release|Any CPU = Release|Any CPU
	EndGlobalSection
	GlobalSection(ProjectConfigurationPlatforms) = postSolution
		{A66CE266-2E83-4602-BF4A-E94BC5D37297}.Debug|Any CPU.ActiveCfg = Debug|Any CPU
		{A66CE266-2E83-4602-BF4A-E94BC5D37297}.Debug|Any CPU.Build.0 = Debug|Any CPU
		{A66CE266-2E83-4602-BF4A-E94BC5D37297}.Release|Any CPU.ActiveCfg = Release|Any CPU
		{A66CE266-2E83-4602-BF4A-E94BC5D37297}.Release|Any CPU.Build.0 = Release|Any CPU
		{E88F628F-D0A9-4E0A-9851-FA7D1BE29A8F}.Debug|Any CPU.ActiveCfg = Debug|Any CPU
		{E88F628F-D0A9-4E0A-9851-FA7D1BE29A8F}.Debug|Any CPU.Build.0 = Debug|Any CPU
		{E88F628F-D0A9-4E0A-9851-FA7D1BE29A8F}.Release|Any CPU.ActiveCfg = Release|Any CPU
		{E88F628F-D0A9-4E0A-9851-FA7D1BE29A8F}.Release|Any CPU.Build.0 = Release|Any CPU
		{6C6D7745-4542-4EEB-99AD-D309CA43795F}.Debug|Any CPU.ActiveCfg = Debug|Any CPU
		{6C6D7745-4542-4EEB-99AD-D309CA43795F}.Debug|Any CPU.Build.0 = Debug|Any CPU
		{6C6D7745-4542-4EEB-99AD-D309CA43795F}.Release|Any CPU.ActiveCfg = Release|Any CPU
		{6C6D7745-4542-4EEB-99AD-D309CA43795F}.Release|Any CPU.Build.0 = Release|Any CPU
		{A2D19C39-24C6-47B6-AB4D-52315987C365}.Debug|Any CPU.ActiveCfg = Debug|Any CPU
		{A2D19C39-24C6-47B6-AB4D-52315987C365}.Debug|Any CPU.Build.0 = Debug|Any CPU
		{A2D19C39-24C6-47B6-AB4D-52315987C365}.Release|Any CPU.ActiveCfg = Release|Any CPU
		{A2D19C39-24C6-47B6-AB4D-52315987C365}.Release|Any CPU.Build.0 = Release|Any CPU
		{846887AF-24B1-4125-A75F-058B3759E483}.Debug|Any CPU.ActiveCfg = Debug|Any CPU
		{846887AF-24B1-4125-A75F-058B3759E483}.Debug|Any CPU.Build.0 = Debug|Any CPU
		{846887AF-24B1-4125-A75F-058B3759E483}.Release|Any CPU.ActiveCfg = Release|Any CPU
		{846887AF-24B1-4125-A75F-058B3759E483}.Release|Any CPU.Build.0 = Release|Any CPU
		{576DAEB7-1B19-4485-8559-F0216B3E666E}.Debug|Any CPU.ActiveCfg = Debug|Any CPU
		{576DAEB7-1B19-4485-8559-F0216B3E666E}.Debug|Any CPU.Build.0 = Debug|Any CPU
		{576DAEB7-1B19-4485-8559-F0216B3E666E}.Release|Any CPU.ActiveCfg = Release|Any CPU
		{576DAEB7-1B19-4485-8559-F0216B3E666E}.Release|Any CPU.Build.0 = Release|Any CPU
	EndGlobalSection
	GlobalSection(SolutionProperties) = preSolution
		HideSolutionNode = FALSE
	EndGlobalSection
	GlobalSection(NestedProjects) = preSolution
		{A2D19C39-24C6-47B6-AB4D-52315987C365} = {0325722F-2639-4CCB-AE4D-D61189E2A2D5}
		{846887AF-24B1-4125-A75F-058B3759E483} = {67F12D61-DDFC-4B05-AF1B-7557A6AAB67A}
	EndGlobalSection
	GlobalSection(ExtensibilityGlobals) = postSolution
		SolutionGuid = {F64026E2-824F-4FF4-8CD0-9EBC5CD01BD0}
	EndGlobalSection
EndGlobal
